// !$*UTF8*$!
{
	archiveVersion = 1;
	classes = {
	};
	objectVersion = 46;
	objects = {

/* Begin PBXBuildFile section */
		273ED72D1A657ADF008BDCFB /* main.m in Sources */ = {isa = PBXBuildFile; fileRef = 273ED72C1A657ADF008BDCFB /* main.m */; };
		273ED7301A657ADF008BDCFB /* AppDelegate.m in Sources */ = {isa = PBXBuildFile; fileRef = 273ED72F1A657ADF008BDCFB /* AppDelegate.m */; };
		273ED7331A657ADF008BDCFB /* DMECoreDataExample.xcdatamodeld in Sources */ = {isa = PBXBuildFile; fileRef = 273ED7311A657ADF008BDCFB /* DMECoreDataExample.xcdatamodeld */; };
		273ED7361A657ADF008BDCFB /* ViewController.m in Sources */ = {isa = PBXBuildFile; fileRef = 273ED7351A657ADF008BDCFB /* ViewController.m */; };
		273ED7391A657ADF008BDCFB /* Main.storyboard in Resources */ = {isa = PBXBuildFile; fileRef = 273ED7371A657ADF008BDCFB /* Main.storyboard */; };
		273ED73B1A657ADF008BDCFB /* Images.xcassets in Resources */ = {isa = PBXBuildFile; fileRef = 273ED73A1A657ADF008BDCFB /* Images.xcassets */; };
		273ED73E1A657ADF008BDCFB /* LaunchScreen.xib in Resources */ = {isa = PBXBuildFile; fileRef = 273ED73C1A657ADF008BDCFB /* LaunchScreen.xib */; };
		273ED74A1A657ADF008BDCFB /* DMECoreDataExampleTests.m in Sources */ = {isa = PBXBuildFile; fileRef = 273ED7491A657ADF008BDCFB /* DMECoreDataExampleTests.m */; };
		27FFEE381A6803EC00B81E97 /* NSFetchedResultsController+Fetch.m in Sources */ = {isa = PBXBuildFile; fileRef = 27FFEE201A6803EC00B81E97 /* NSFetchedResultsController+Fetch.m */; };
		27FFEE391A6803EC00B81E97 /* NSManagedObject+Fetch.m in Sources */ = {isa = PBXBuildFile; fileRef = 27FFEE221A6803EC00B81E97 /* NSManagedObject+Fetch.m */; };
		27FFEE3A1A6803EC00B81E97 /* NSManagedObject+Files.m in Sources */ = {isa = PBXBuildFile; fileRef = 27FFEE241A6803EC00B81E97 /* NSManagedObject+Files.m */; };
		27FFEE3B1A6803EC00B81E97 /* NSManagedObject+Serialize.m in Sources */ = {isa = PBXBuildFile; fileRef = 27FFEE261A6803EC00B81E97 /* NSManagedObject+Serialize.m */; };
		27FFEE3C1A6803EC00B81E97 /* NSManagedObject+Translation.m in Sources */ = {isa = PBXBuildFile; fileRef = 27FFEE281A6803EC00B81E97 /* NSManagedObject+Translation.m */; };
		27FFEE3D1A6803EC00B81E97 /* NSManagedObject+Unique.m in Sources */ = {isa = PBXBuildFile; fileRef = 27FFEE2A1A6803EC00B81E97 /* NSManagedObject+Unique.m */; };
		27FFEE3E1A6803EC00B81E97 /* NSObject+PWObject.m in Sources */ = {isa = PBXBuildFile; fileRef = 27FFEE2C1A6803EC00B81E97 /* NSObject+PWObject.m */; };
		27FFEE3F1A6803EC00B81E97 /* NSPredicate+Fields.m in Sources */ = {isa = PBXBuildFile; fileRef = 27FFEE2E1A6803EC00B81E97 /* NSPredicate+Fields.m */; };
		27FFEE401A6803EC00B81E97 /* NSString+Hashes.m in Sources */ = {isa = PBXBuildFile; fileRef = 27FFEE301A6803EC00B81E97 /* NSString+Hashes.m */; };
		27FFEE411A6803EC00B81E97 /* DMEAPIEngine.m in Sources */ = {isa = PBXBuildFile; fileRef = 27FFEE321A6803EC00B81E97 /* DMEAPIEngine.m */; };
		27FFEE421A6803EC00B81E97 /* DMECoreDataStack.m in Sources */ = {isa = PBXBuildFile; fileRef = 27FFEE351A6803EC00B81E97 /* DMECoreDataStack.m */; };
		27FFEE431A6803EC00B81E97 /* DMESyncEngine.m in Sources */ = {isa = PBXBuildFile; fileRef = 27FFEE371A6803EC00B81E97 /* DMESyncEngine.m */; };
/* End PBXBuildFile section */

/* Begin PBXContainerItemProxy section */
		273ED7441A657ADF008BDCFB /* PBXContainerItemProxy */ = {
			isa = PBXContainerItemProxy;
			containerPortal = 273ED71F1A657ADF008BDCFB /* Project object */;
			proxyType = 1;
			remoteGlobalIDString = 273ED7261A657ADF008BDCFB;
			remoteInfo = DMECoreDataExample;
		};
/* End PBXContainerItemProxy section */

/* Begin PBXFileReference section */
		273ED7271A657ADF008BDCFB /* DMECoreDataExample.app */ = {isa = PBXFileReference; explicitFileType = wrapper.application; includeInIndex = 0; path = DMECoreDataExample.app; sourceTree = BUILT_PRODUCTS_DIR; };
		273ED72B1A657ADF008BDCFB /* Info.plist */ = {isa = PBXFileReference; lastKnownFileType = text.plist.xml; path = Info.plist; sourceTree = "<group>"; };
		273ED72C1A657ADF008BDCFB /* main.m */ = {isa = PBXFileReference; lastKnownFileType = sourcecode.c.objc; path = main.m; sourceTree = "<group>"; };
		273ED72E1A657ADF008BDCFB /* AppDelegate.h */ = {isa = PBXFileReference; lastKnownFileType = sourcecode.c.h; path = AppDelegate.h; sourceTree = "<group>"; };
		273ED72F1A657ADF008BDCFB /* AppDelegate.m */ = {isa = PBXFileReference; lastKnownFileType = sourcecode.c.objc; path = AppDelegate.m; sourceTree = "<group>"; };
		273ED7321A657ADF008BDCFB /* DMECoreDataExample.xcdatamodel */ = {isa = PBXFileReference; lastKnownFileType = wrapper.xcdatamodel; path = DMECoreDataExample.xcdatamodel; sourceTree = "<group>"; };
		273ED7341A657ADF008BDCFB /* ViewController.h */ = {isa = PBXFileReference; lastKnownFileType = sourcecode.c.h; path = ViewController.h; sourceTree = "<group>"; };
		273ED7351A657ADF008BDCFB /* ViewController.m */ = {isa = PBXFileReference; lastKnownFileType = sourcecode.c.objc; path = ViewController.m; sourceTree = "<group>"; };
		273ED7381A657ADF008BDCFB /* Base */ = {isa = PBXFileReference; lastKnownFileType = file.storyboard; name = Base; path = Base.lproj/Main.storyboard; sourceTree = "<group>"; };
		273ED73A1A657ADF008BDCFB /* Images.xcassets */ = {isa = PBXFileReference; lastKnownFileType = folder.assetcatalog; path = Images.xcassets; sourceTree = "<group>"; };
		273ED73D1A657ADF008BDCFB /* Base */ = {isa = PBXFileReference; lastKnownFileType = file.xib; name = Base; path = Base.lproj/LaunchScreen.xib; sourceTree = "<group>"; };
		273ED7431A657ADF008BDCFB /* DMECoreDataExampleTests.xctest */ = {isa = PBXFileReference; explicitFileType = wrapper.cfbundle; includeInIndex = 0; path = DMECoreDataExampleTests.xctest; sourceTree = BUILT_PRODUCTS_DIR; };
		273ED7481A657ADF008BDCFB /* Info.plist */ = {isa = PBXFileReference; lastKnownFileType = text.plist.xml; path = Info.plist; sourceTree = "<group>"; };
		273ED7491A657ADF008BDCFB /* DMECoreDataExampleTests.m */ = {isa = PBXFileReference; lastKnownFileType = sourcecode.c.objc; path = DMECoreDataExampleTests.m; sourceTree = "<group>"; };
		27FFEE1F1A6803EC00B81E97 /* NSFetchedResultsController+Fetch.h */ = {isa = PBXFileReference; fileEncoding = 4; lastKnownFileType = sourcecode.c.h; path = "NSFetchedResultsController+Fetch.h"; sourceTree = "<group>"; };
		27FFEE201A6803EC00B81E97 /* NSFetchedResultsController+Fetch.m */ = {isa = PBXFileReference; fileEncoding = 4; lastKnownFileType = sourcecode.c.objc; path = "NSFetchedResultsController+Fetch.m"; sourceTree = "<group>"; };
		27FFEE211A6803EC00B81E97 /* NSManagedObject+Fetch.h */ = {isa = PBXFileReference; fileEncoding = 4; lastKnownFileType = sourcecode.c.h; path = "NSManagedObject+Fetch.h"; sourceTree = "<group>"; };
		27FFEE221A6803EC00B81E97 /* NSManagedObject+Fetch.m */ = {isa = PBXFileReference; fileEncoding = 4; lastKnownFileType = sourcecode.c.objc; path = "NSManagedObject+Fetch.m"; sourceTree = "<group>"; };
		27FFEE231A6803EC00B81E97 /* NSManagedObject+Files.h */ = {isa = PBXFileReference; fileEncoding = 4; lastKnownFileType = sourcecode.c.h; path = "NSManagedObject+Files.h"; sourceTree = "<group>"; };
		27FFEE241A6803EC00B81E97 /* NSManagedObject+Files.m */ = {isa = PBXFileReference; fileEncoding = 4; lastKnownFileType = sourcecode.c.objc; path = "NSManagedObject+Files.m"; sourceTree = "<group>"; };
		27FFEE251A6803EC00B81E97 /* NSManagedObject+Serialize.h */ = {isa = PBXFileReference; fileEncoding = 4; lastKnownFileType = sourcecode.c.h; path = "NSManagedObject+Serialize.h"; sourceTree = "<group>"; };
		27FFEE261A6803EC00B81E97 /* NSManagedObject+Serialize.m */ = {isa = PBXFileReference; fileEncoding = 4; lastKnownFileType = sourcecode.c.objc; path = "NSManagedObject+Serialize.m"; sourceTree = "<group>"; };
		27FFEE271A6803EC00B81E97 /* NSManagedObject+Translation.h */ = {isa = PBXFileReference; fileEncoding = 4; lastKnownFileType = sourcecode.c.h; path = "NSManagedObject+Translation.h"; sourceTree = "<group>"; };
		27FFEE281A6803EC00B81E97 /* NSManagedObject+Translation.m */ = {isa = PBXFileReference; fileEncoding = 4; lastKnownFileType = sourcecode.c.objc; path = "NSManagedObject+Translation.m"; sourceTree = "<group>"; };
		27FFEE291A6803EC00B81E97 /* NSManagedObject+Unique.h */ = {isa = PBXFileReference; fileEncoding = 4; lastKnownFileType = sourcecode.c.h; path = "NSManagedObject+Unique.h"; sourceTree = "<group>"; };
		27FFEE2A1A6803EC00B81E97 /* NSManagedObject+Unique.m */ = {isa = PBXFileReference; fileEncoding = 4; lastKnownFileType = sourcecode.c.objc; path = "NSManagedObject+Unique.m"; sourceTree = "<group>"; };
		27FFEE2B1A6803EC00B81E97 /* NSObject+PWObject.h */ = {isa = PBXFileReference; fileEncoding = 4; lastKnownFileType = sourcecode.c.h; path = "NSObject+PWObject.h"; sourceTree = "<group>"; };
		27FFEE2C1A6803EC00B81E97 /* NSObject+PWObject.m */ = {isa = PBXFileReference; fileEncoding = 4; lastKnownFileType = sourcecode.c.objc; path = "NSObject+PWObject.m"; sourceTree = "<group>"; };
		27FFEE2D1A6803EC00B81E97 /* NSPredicate+Fields.h */ = {isa = PBXFileReference; fileEncoding = 4; lastKnownFileType = sourcecode.c.h; path = "NSPredicate+Fields.h"; sourceTree = "<group>"; };
		27FFEE2E1A6803EC00B81E97 /* NSPredicate+Fields.m */ = {isa = PBXFileReference; fileEncoding = 4; lastKnownFileType = sourcecode.c.objc; path = "NSPredicate+Fields.m"; sourceTree = "<group>"; };
		27FFEE2F1A6803EC00B81E97 /* NSString+Hashes.h */ = {isa = PBXFileReference; fileEncoding = 4; lastKnownFileType = sourcecode.c.h; path = "NSString+Hashes.h"; sourceTree = "<group>"; };
		27FFEE301A6803EC00B81E97 /* NSString+Hashes.m */ = {isa = PBXFileReference; fileEncoding = 4; lastKnownFileType = sourcecode.c.objc; path = "NSString+Hashes.m"; sourceTree = "<group>"; };
		27FFEE311A6803EC00B81E97 /* DMEAPIEngine.h */ = {isa = PBXFileReference; fileEncoding = 4; lastKnownFileType = sourcecode.c.h; path = DMEAPIEngine.h; sourceTree = "<group>"; };
		27FFEE321A6803EC00B81E97 /* DMEAPIEngine.m */ = {isa = PBXFileReference; fileEncoding = 4; lastKnownFileType = sourcecode.c.objc; path = DMEAPIEngine.m; sourceTree = "<group>"; };
		27FFEE331A6803EC00B81E97 /* DMECoreData.h */ = {isa = PBXFileReference; fileEncoding = 4; lastKnownFileType = sourcecode.c.h; path = DMECoreData.h; sourceTree = "<group>"; };
		27FFEE341A6803EC00B81E97 /* DMECoreDataStack.h */ = {isa = PBXFileReference; fileEncoding = 4; lastKnownFileType = sourcecode.c.h; path = DMECoreDataStack.h; sourceTree = "<group>"; };
		27FFEE351A6803EC00B81E97 /* DMECoreDataStack.m */ = {isa = PBXFileReference; fileEncoding = 4; lastKnownFileType = sourcecode.c.objc; path = DMECoreDataStack.m; sourceTree = "<group>"; };
		27FFEE361A6803EC00B81E97 /* DMESyncEngine.h */ = {isa = PBXFileReference; fileEncoding = 4; lastKnownFileType = sourcecode.c.h; path = DMESyncEngine.h; sourceTree = "<group>"; };
		27FFEE371A6803EC00B81E97 /* DMESyncEngine.m */ = {isa = PBXFileReference; fileEncoding = 4; lastKnownFileType = sourcecode.c.objc; path = DMESyncEngine.m; sourceTree = "<group>"; };
/* End PBXFileReference section */

/* Begin PBXFrameworksBuildPhase section */
		273ED7241A657ADF008BDCFB /* Frameworks */ = {
			isa = PBXFrameworksBuildPhase;
			buildActionMask = 2147483647;
			files = (
			);
			runOnlyForDeploymentPostprocessing = 0;
		};
		273ED7401A657ADF008BDCFB /* Frameworks */ = {
			isa = PBXFrameworksBuildPhase;
			buildActionMask = 2147483647;
			files = (
			);
			runOnlyForDeploymentPostprocessing = 0;
		};
/* End PBXFrameworksBuildPhase section */

/* Begin PBXGroup section */
		273ED71E1A657ADF008BDCFB = {
			isa = PBXGroup;
			children = (
				273ED7291A657ADF008BDCFB /* DMECoreDataExample */,
				273ED7461A657ADF008BDCFB /* DMECoreDataExampleTests */,
				273ED7281A657ADF008BDCFB /* Products */,
			);
			sourceTree = "<group>";
		};
		273ED7281A657ADF008BDCFB /* Products */ = {
			isa = PBXGroup;
			children = (
				273ED7271A657ADF008BDCFB /* DMECoreDataExample.app */,
				273ED7431A657ADF008BDCFB /* DMECoreDataExampleTests.xctest */,
			);
			name = Products;
			sourceTree = "<group>";
		};
		273ED7291A657ADF008BDCFB /* DMECoreDataExample */ = {
			isa = PBXGroup;
			children = (
				27FFEE1D1A6803EC00B81E97 /* DMECoreData */,
				273ED72E1A657ADF008BDCFB /* AppDelegate.h */,
				273ED72F1A657ADF008BDCFB /* AppDelegate.m */,
				273ED7341A657ADF008BDCFB /* ViewController.h */,
				273ED7351A657ADF008BDCFB /* ViewController.m */,
				273ED7371A657ADF008BDCFB /* Main.storyboard */,
				273ED73A1A657ADF008BDCFB /* Images.xcassets */,
				273ED73C1A657ADF008BDCFB /* LaunchScreen.xib */,
				273ED7311A657ADF008BDCFB /* DMECoreDataExample.xcdatamodeld */,
				273ED72A1A657ADF008BDCFB /* Supporting Files */,
			);
			path = DMECoreDataExample;
			sourceTree = "<group>";
		};
		273ED72A1A657ADF008BDCFB /* Supporting Files */ = {
			isa = PBXGroup;
			children = (
				273ED72B1A657ADF008BDCFB /* Info.plist */,
				273ED72C1A657ADF008BDCFB /* main.m */,
			);
			name = "Supporting Files";
			sourceTree = "<group>";
		};
		273ED7461A657ADF008BDCFB /* DMECoreDataExampleTests */ = {
			isa = PBXGroup;
			children = (
				273ED7491A657ADF008BDCFB /* DMECoreDataExampleTests.m */,
				273ED7471A657ADF008BDCFB /* Supporting Files */,
			);
			path = DMECoreDataExampleTests;
			sourceTree = "<group>";
		};
		273ED7471A657ADF008BDCFB /* Supporting Files */ = {
			isa = PBXGroup;
			children = (
				273ED7481A657ADF008BDCFB /* Info.plist */,
			);
			name = "Supporting Files";
			sourceTree = "<group>";
		};
		27FFEE1D1A6803EC00B81E97 /* DMECoreData */ = {
			isa = PBXGroup;
			children = (
				27FFEE1E1A6803EC00B81E97 /* Categories */,
				27FFEE311A6803EC00B81E97 /* DMEAPIEngine.h */,
				27FFEE321A6803EC00B81E97 /* DMEAPIEngine.m */,
				27FFEE331A6803EC00B81E97 /* DMECoreData.h */,
				27FFEE341A6803EC00B81E97 /* DMECoreDataStack.h */,
				27FFEE351A6803EC00B81E97 /* DMECoreDataStack.m */,
				27FFEE361A6803EC00B81E97 /* DMESyncEngine.h */,
				27FFEE371A6803EC00B81E97 /* DMESyncEngine.m */,
			);
			name = DMECoreData;
			path = ../../DMECoreData;
			sourceTree = "<group>";
		};
		27FFEE1E1A6803EC00B81E97 /* Categories */ = {
			isa = PBXGroup;
			children = (
				27FFEE1F1A6803EC00B81E97 /* NSFetchedResultsController+Fetch.h */,
				27FFEE201A6803EC00B81E97 /* NSFetchedResultsController+Fetch.m */,
				27FFEE211A6803EC00B81E97 /* NSManagedObject+Fetch.h */,
				27FFEE221A6803EC00B81E97 /* NSManagedObject+Fetch.m */,
				27FFEE231A6803EC00B81E97 /* NSManagedObject+Files.h */,
				27FFEE241A6803EC00B81E97 /* NSManagedObject+Files.m */,
				27FFEE251A6803EC00B81E97 /* NSManagedObject+Serialize.h */,
				27FFEE261A6803EC00B81E97 /* NSManagedObject+Serialize.m */,
				27FFEE271A6803EC00B81E97 /* NSManagedObject+Translation.h */,
				27FFEE281A6803EC00B81E97 /* NSManagedObject+Translation.m */,
				27FFEE291A6803EC00B81E97 /* NSManagedObject+Unique.h */,
				27FFEE2A1A6803EC00B81E97 /* NSManagedObject+Unique.m */,
				27FFEE2B1A6803EC00B81E97 /* NSObject+PWObject.h */,
				27FFEE2C1A6803EC00B81E97 /* NSObject+PWObject.m */,
				27FFEE2D1A6803EC00B81E97 /* NSPredicate+Fields.h */,
				27FFEE2E1A6803EC00B81E97 /* NSPredicate+Fields.m */,
				27FFEE2F1A6803EC00B81E97 /* NSString+Hashes.h */,
				27FFEE301A6803EC00B81E97 /* NSString+Hashes.m */,
			);
			path = Categories;
			sourceTree = "<group>";
		};
/* End PBXGroup section */

/* Begin PBXNativeTarget section */
		273ED7261A657ADF008BDCFB /* DMECoreDataExample */ = {
			isa = PBXNativeTarget;
			buildConfigurationList = 273ED74D1A657ADF008BDCFB /* Build configuration list for PBXNativeTarget "DMECoreDataExample" */;
			buildPhases = (
				273ED7231A657ADF008BDCFB /* Sources */,
				273ED7241A657ADF008BDCFB /* Frameworks */,
				273ED7251A657ADF008BDCFB /* Resources */,
			);
			buildRules = (
			);
			dependencies = (
			);
			name = DMECoreDataExample;
			productName = DMECoreDataExample;
			productReference = 273ED7271A657ADF008BDCFB /* DMECoreDataExample.app */;
			productType = "com.apple.product-type.application";
		};
		273ED7421A657ADF008BDCFB /* DMECoreDataExampleTests */ = {
			isa = PBXNativeTarget;
			buildConfigurationList = 273ED7501A657ADF008BDCFB /* Build configuration list for PBXNativeTarget "DMECoreDataExampleTests" */;
			buildPhases = (
				273ED73F1A657ADF008BDCFB /* Sources */,
				273ED7401A657ADF008BDCFB /* Frameworks */,
				273ED7411A657ADF008BDCFB /* Resources */,
			);
			buildRules = (
			);
			dependencies = (
				273ED7451A657ADF008BDCFB /* PBXTargetDependency */,
			);
			name = DMECoreDataExampleTests;
			productName = DMECoreDataExampleTests;
			productReference = 273ED7431A657ADF008BDCFB /* DMECoreDataExampleTests.xctest */;
			productType = "com.apple.product-type.bundle.unit-test";
		};
/* End PBXNativeTarget section */

/* Begin PBXProject section */
		273ED71F1A657ADF008BDCFB /* Project object */ = {
			isa = PBXProject;
			attributes = {
				LastUpgradeCheck = 0610;
				TargetAttributes = {
					273ED7261A657ADF008BDCFB = {
						CreatedOnToolsVersion = 6.1.1;
					};
					273ED7421A657ADF008BDCFB = {
						CreatedOnToolsVersion = 6.1.1;
						TestTargetID = 273ED7261A657ADF008BDCFB;
					};
				};
			};
			buildConfigurationList = 273ED7221A657ADF008BDCFB /* Build configuration list for PBXProject "DMECoreDataExample" */;
			compatibilityVersion = "Xcode 3.2";
			developmentRegion = English;
			hasScannedForEncodings = 0;
			knownRegions = (
				en,
				Base,
			);
			mainGroup = 273ED71E1A657ADF008BDCFB;
			productRefGroup = 273ED7281A657ADF008BDCFB /* Products */;
			projectDirPath = "";
			projectRoot = "";
			targets = (
				273ED7261A657ADF008BDCFB /* DMECoreDataExample */,
				273ED7421A657ADF008BDCFB /* DMECoreDataExampleTests */,
			);
		};
/* End PBXProject section */

/* Begin PBXResourcesBuildPhase section */
		273ED7251A657ADF008BDCFB /* Resources */ = {
			isa = PBXResourcesBuildPhase;
			buildActionMask = 2147483647;
			files = (
				273ED7391A657ADF008BDCFB /* Main.storyboard in Resources */,
				273ED73E1A657ADF008BDCFB /* LaunchScreen.xib in Resources */,
				273ED73B1A657ADF008BDCFB /* Images.xcassets in Resources */,
			);
			runOnlyForDeploymentPostprocessing = 0;
		};
		273ED7411A657ADF008BDCFB /* Resources */ = {
			isa = PBXResourcesBuildPhase;
			buildActionMask = 2147483647;
			files = (
			);
			runOnlyForDeploymentPostprocessing = 0;
		};
/* End PBXResourcesBuildPhase section */

/* Begin PBXSourcesBuildPhase section */
		273ED7231A657ADF008BDCFB /* Sources */ = {
			isa = PBXSourcesBuildPhase;
			buildActionMask = 2147483647;
			files = (
				27FFEE381A6803EC00B81E97 /* NSFetchedResultsController+Fetch.m in Sources */,
				27FFEE3A1A6803EC00B81E97 /* NSManagedObject+Files.m in Sources */,
				273ED7331A657ADF008BDCFB /* DMECoreDataExample.xcdatamodeld in Sources */,
				27FFEE431A6803EC00B81E97 /* DMESyncEngine.m in Sources */,
				27FFEE411A6803EC00B81E97 /* DMEAPIEngine.m in Sources */,
				27FFEE3F1A6803EC00B81E97 /* NSPredicate+Fields.m in Sources */,
				273ED7301A657ADF008BDCFB /* AppDelegate.m in Sources */,
				273ED7361A657ADF008BDCFB /* ViewController.m in Sources */,
				27FFEE3C1A6803EC00B81E97 /* NSManagedObject+Translation.m in Sources */,
				27FFEE391A6803EC00B81E97 /* NSManagedObject+Fetch.m in Sources */,
				27FFEE3B1A6803EC00B81E97 /* NSManagedObject+Serialize.m in Sources */,
				27FFEE3D1A6803EC00B81E97 /* NSManagedObject+Unique.m in Sources */,
				27FFEE421A6803EC00B81E97 /* DMECoreDataStack.m in Sources */,
				27FFEE3E1A6803EC00B81E97 /* NSObject+PWObject.m in Sources */,
				273ED72D1A657ADF008BDCFB /* main.m in Sources */,
				27FFEE401A6803EC00B81E97 /* NSString+Hashes.m in Sources */,
			);
			runOnlyForDeploymentPostprocessing = 0;
		};
		273ED73F1A657ADF008BDCFB /* Sources */ = {
			isa = PBXSourcesBuildPhase;
			buildActionMask = 2147483647;
			files = (
				273ED74A1A657ADF008BDCFB /* DMECoreDataExampleTests.m in Sources */,
			);
			runOnlyForDeploymentPostprocessing = 0;
		};
/* End PBXSourcesBuildPhase section */

/* Begin PBXTargetDependency section */
		273ED7451A657ADF008BDCFB /* PBXTargetDependency */ = {
			isa = PBXTargetDependency;
			target = 273ED7261A657ADF008BDCFB /* DMECoreDataExample */;
			targetProxy = 273ED7441A657ADF008BDCFB /* PBXContainerItemProxy */;
		};
/* End PBXTargetDependency section */

/* Begin PBXVariantGroup section */
		273ED7371A657ADF008BDCFB /* Main.storyboard */ = {
			isa = PBXVariantGroup;
			children = (
				273ED7381A657ADF008BDCFB /* Base */,
			);
			name = Main.storyboard;
			sourceTree = "<group>";
		};
		273ED73C1A657ADF008BDCFB /* LaunchScreen.xib */ = {
			isa = PBXVariantGroup;
			children = (
				273ED73D1A657ADF008BDCFB /* Base */,
			);
			name = LaunchScreen.xib;
			sourceTree = "<group>";
		};
/* End PBXVariantGroup section */

/* Begin XCBuildConfiguration section */
		273ED74B1A657ADF008BDCFB /* Debug */ = {
			isa = XCBuildConfiguration;
			buildSettings = {
				ALWAYS_SEARCH_USER_PATHS = NO;
				CLANG_CXX_LANGUAGE_STANDARD = "gnu++0x";
				CLANG_CXX_LIBRARY = "libc++";
				CLANG_ENABLE_MODULES = YES;
				CLANG_ENABLE_OBJC_ARC = YES;
				CLANG_WARN_BOOL_CONVERSION = YES;
				CLANG_WARN_CONSTANT_CONVERSION = YES;
				CLANG_WARN_DIRECT_OBJC_ISA_USAGE = YES_ERROR;
				CLANG_WARN_EMPTY_BODY = YES;
				CLANG_WARN_ENUM_CONVERSION = YES;
				CLANG_WARN_INT_CONVERSION = YES;
				CLANG_WARN_OBJC_ROOT_CLASS = YES_ERROR;
				CLANG_WARN_UNREACHABLE_CODE = YES;
				CLANG_WARN__DUPLICATE_METHOD_MATCH = YES;
				"CODE_SIGN_IDENTITY[sdk=iphoneos*]" = "iPhone Developer";
				COPY_PHASE_STRIP = NO;
				ENABLE_STRICT_OBJC_MSGSEND = YES;
				GCC_C_LANGUAGE_STANDARD = gnu99;
				GCC_DYNAMIC_NO_PIC = NO;
				GCC_OPTIMIZATION_LEVEL = 0;
				GCC_PREPROCESSOR_DEFINITIONS = (
					"DEBUG=1",
					"$(inherited)",
				);
				GCC_SYMBOLS_PRIVATE_EXTERN = NO;
				GCC_WARN_64_TO_32_BIT_CONVERSION = YES;
				GCC_WARN_ABOUT_RETURN_TYPE = YES_ERROR;
				GCC_WARN_UNDECLARED_SELECTOR = YES;
				GCC_WARN_UNINITIALIZED_AUTOS = YES_AGGRESSIVE;
				GCC_WARN_UNUSED_FUNCTION = YES;
				GCC_WARN_UNUSED_VARIABLE = YES;
				IPHONEOS_DEPLOYMENT_TARGET = 8.1;
				MTL_ENABLE_DEBUG_INFO = YES;
				ONLY_ACTIVE_ARCH = YES;
				SDKROOT = iphoneos;
			};
			name = Debug;
		};
		273ED74C1A657ADF008BDCFB /* Release */ = {
			isa = XCBuildConfiguration;
			buildSettings = {
				ALWAYS_SEARCH_USER_PATHS = NO;
				CLANG_CXX_LANGUAGE_STANDARD = "gnu++0x";
				CLANG_CXX_LIBRARY = "libc++";
				CLANG_ENABLE_MODULES = YES;
				CLANG_ENABLE_OBJC_ARC = YES;
				CLANG_WARN_BOOL_CONVERSION = YES;
				CLANG_WARN_CONSTANT_CONVERSION = YES;
				CLANG_WARN_DIRECT_OBJC_ISA_USAGE = YES_ERROR;
				CLANG_WARN_EMPTY_BODY = YES;
				CLANG_WARN_ENUM_CONVERSION = YES;
				CLANG_WARN_INT_CONVERSION = YES;
				CLANG_WARN_OBJC_ROOT_CLASS = YES_ERROR;
				CLANG_WARN_UNREACHABLE_CODE = YES;
				CLANG_WARN__DUPLICATE_METHOD_MATCH = YES;
				"CODE_SIGN_IDENTITY[sdk=iphoneos*]" = "iPhone Developer";
				COPY_PHASE_STRIP = YES;
				ENABLE_NS_ASSERTIONS = NO;
				ENABLE_STRICT_OBJC_MSGSEND = YES;
				GCC_C_LANGUAGE_STANDARD = gnu99;
				GCC_WARN_64_TO_32_BIT_CONVERSION = YES;
				GCC_WARN_ABOUT_RETURN_TYPE = YES_ERROR;
				GCC_WARN_UNDECLARED_SELECTOR = YES;
				GCC_WARN_UNINITIALIZED_AUTOS = YES_AGGRESSIVE;
				GCC_WARN_UNUSED_FUNCTION = YES;
				GCC_WARN_UNUSED_VARIABLE = YES;
				IPHONEOS_DEPLOYMENT_TARGET = 8.1;
				MTL_ENABLE_DEBUG_INFO = NO;
				SDKROOT = iphoneos;
				VALIDATE_PRODUCT = YES;
			};
			name = Release;
		};
		273ED74E1A657ADF008BDCFB /* Debug */ = {
			isa = XCBuildConfiguration;
			buildSettings = {
				ASSETCATALOG_COMPILER_APPICON_NAME = AppIcon;
				INFOPLIST_FILE = DMECoreDataExample/Info.plist;
				LD_RUNPATH_SEARCH_PATHS = "$(inherited) @executable_path/Frameworks";
				PRODUCT_NAME = "$(TARGET_NAME)";
			};
			name = Debug;
		};
		273ED74F1A657ADF008BDCFB /* Release */ = {
			isa = XCBuildConfiguration;
			buildSettings = {
				ASSETCATALOG_COMPILER_APPICON_NAME = AppIcon;
				INFOPLIST_FILE = DMECoreDataExample/Info.plist;
				LD_RUNPATH_SEARCH_PATHS = "$(inherited) @executable_path/Frameworks";
				PRODUCT_NAME = "$(TARGET_NAME)";
			};
			name = Release;
		};
		273ED7511A657ADF008BDCFB /* Debug */ = {
			isa = XCBuildConfiguration;
			buildSettings = {
				BUNDLE_LOADER = "$(TEST_HOST)";
				FRAMEWORK_SEARCH_PATHS = (
					"$(SDKROOT)/Developer/Library/Frameworks",
					"$(inherited)",
				);
				GCC_PREPROCESSOR_DEFINITIONS = (
					"DEBUG=1",
					"$(inherited)",
				);
				INFOPLIST_FILE = DMECoreDataExampleTests/Info.plist;
				LD_RUNPATH_SEARCH_PATHS = "$(inherited) @executable_path/Frameworks @loader_path/Frameworks";
				PRODUCT_NAME = "$(TARGET_NAME)";
				TEST_HOST = "$(BUILT_PRODUCTS_DIR)/DMECoreDataExample.app/DMECoreDataExample";
			};
			name = Debug;
		};
		273ED7521A657ADF008BDCFB /* Release */ = {
			isa = XCBuildConfiguration;
			buildSettings = {
				BUNDLE_LOADER = "$(TEST_HOST)";
				FRAMEWORK_SEARCH_PATHS = (
					"$(SDKROOT)/Developer/Library/Frameworks",
					"$(inherited)",
				);
				INFOPLIST_FILE = DMECoreDataExampleTests/Info.plist;
				LD_RUNPATH_SEARCH_PATHS = "$(inherited) @executable_path/Frameworks @loader_path/Frameworks";
				PRODUCT_NAME = "$(TARGET_NAME)";
				TEST_HOST = "$(BUILT_PRODUCTS_DIR)/DMECoreDataExample.app/DMECoreDataExample";
			};
			name = Release;
		};
/* End XCBuildConfiguration section */

/* Begin XCConfigurationList section */
		273ED7221A657ADF008BDCFB /* Build configuration list for PBXProject "DMECoreDataExample" */ = {
			isa = XCConfigurationList;
			buildConfigurations = (
				273ED74B1A657ADF008BDCFB /* Debug */,
				273ED74C1A657ADF008BDCFB /* Release */,
			);
			defaultConfigurationIsVisible = 0;
			defaultConfigurationName = Release;
		};
		273ED74D1A657ADF008BDCFB /* Build configuration list for PBXNativeTarget "DMECoreDataExample" */ = {
			isa = XCConfigurationList;
			buildConfigurations = (
				273ED74E1A657ADF008BDCFB /* Debug */,
				273ED74F1A657ADF008BDCFB /* Release */,
			);
			defaultConfigurationIsVisible = 0;
			defaultConfigurationName = Release;
		};
		273ED7501A657ADF008BDCFB /* Build configuration list for PBXNativeTarget "DMECoreDataExampleTests" */ = {
			isa = XCConfigurationList;
			buildConfigurations = (
				273ED7511A657ADF008BDCFB /* Debug */,
				273ED7521A657ADF008BDCFB /* Release */,
			);
			defaultConfigurationIsVisible = 0;
			defaultConfigurationName = Release;
		};
/* End XCConfigurationList section */

/* Begin XCVersionGroup section */
		273ED7311A657ADF008BDCFB /* DMECoreDataExample.xcdatamodeld */ = {
			isa = XCVersionGroup;
			children = (
				273ED7321A657ADF008BDCFB /* DMECoreDataExample.xcdatamodel */,
			);
			currentVersion = 273ED7321A657ADF008BDCFB /* DMECoreDataExample.xcdatamodel */;
			path = DMECoreDataExample.xcdatamodeld;
			sourceTree = "<group>";
			versionGroupType = wrapper.xcdatamodel;
		};
/* End XCVersionGroup section */
	};
	rootObject = 273ED71F1A657ADF008BDCFB /* Project object */;
}
